
Microsoft Visual Studio Solution File, Format Version 12.00
# Visual Studio 15
VisualStudioVersion = 15.0.26124.0
MinimumVisualStudioVersion = 15.0.26124.0
Project("{2150E333-8FDC-42A3-9474-1A3956D46DE8}") = "src", "src", "{395400CD-365F-4D4E-A350-E4596199A5B2}"
EndProject
Project("{FAE04EC0-301F-11D3-BF4B-00C04F79EFBC}") = "MicroElements.Design.Annotations", "src\MicroElements.Design.Annotations\MicroElements.Design.Annotations.csproj", "{ABAF92AE-5129-4D79-885E-9129DFDEA35F}"
EndProject
Project("{2150E333-8FDC-42A3-9474-1A3956D46DE8}") = "test", "test", "{622A7307-081E-4647-9C35-255F7249E4C1}"
EndProject
Project("{FAE04EC0-301F-11D3-BF4B-00C04F79EFBC}") = "MicroElements.Design.Annotations.Tests", "test\MicroElements.Design.Annotations.Tests\MicroElements.Design.Annotations.Tests.csproj", "{96B03979-B9F6-4DC4-B8BD-E0B46F4078F7}"
EndProject
Global
	GlobalSection(SolutionConfigurationPlatforms) = preSolution
		Debug|Any CPU = Debug|Any CPU
		Debug|x64 = Debug|x64
		Debug|x86 = Debug|x86
		Release|Any CPU = Release|Any CPU
		Release|x64 = Release|x64
		Release|x86 = Release|x86
	EndGlobalSection
	GlobalSection(SolutionProperties) = preSolution
		HideSolutionNode = FALSE
	EndGlobalSection
	GlobalSection(ProjectConfigurationPlatforms) = postSolution
		{ABAF92AE-5129-4D79-885E-9129DFDEA35F}.Debug|Any CPU.ActiveCfg = Debug|Any CPU
		{ABAF92AE-5129-4D79-885E-9129DFDEA35F}.Debug|Any CPU.Build.0 = Debug|Any CPU
		{ABAF92AE-5129-4D79-885E-9129DFDEA35F}.Debug|x64.ActiveCfg = Debug|Any CPU
		{ABAF92AE-5129-4D79-885E-9129DFDEA35F}.Debug|x64.Build.0 = Debug|Any CPU
		{ABAF92AE-5129-4D79-885E-9129DFDEA35F}.Debug|x86.ActiveCfg = Debug|Any CPU
		{ABAF92AE-5129-4D79-885E-9129DFDEA35F}.Debug|x86.Build.0 = Debug|Any CPU
		{ABAF92AE-5129-4D79-885E-9129DFDEA35F}.Release|Any CPU.ActiveCfg = Release|Any CPU
		{ABAF92AE-5129-4D79-885E-9129DFDEA35F}.Release|Any CPU.Build.0 = Release|Any CPU
		{ABAF92AE-5129-4D79-885E-9129DFDEA35F}.Release|x64.ActiveCfg = Release|Any CPU
		{ABAF92AE-5129-4D79-885E-9129DFDEA35F}.Release|x64.Build.0 = Release|Any CPU
		{ABAF92AE-5129-4D79-885E-9129DFDEA35F}.Release|x86.ActiveCfg = Release|Any CPU
		{ABAF92AE-5129-4D79-885E-9129DFDEA35F}.Release|x86.Build.0 = Release|Any CPU
		{96B03979-B9F6-4DC4-B8BD-E0B46F4078F7}.Debug|Any CPU.ActiveCfg = Debug|Any CPU
		{96B03979-B9F6-4DC4-B8BD-E0B46F4078F7}.Debug|Any CPU.Build.0 = Debug|Any CPU
		{96B03979-B9F6-4DC4-B8BD-E0B46F4078F7}.Debug|x64.ActiveCfg = Debug|Any CPU
		{96B03979-B9F6-4DC4-B8BD-E0B46F4078F7}.Debug|x64.Build.0 = Debug|Any CPU
		{96B03979-B9F6-4DC4-B8BD-E0B46F4078F7}.Debug|x86.ActiveCfg = Debug|Any CPU
		{96B03979-B9F6-4DC4-B8BD-E0B46F4078F7}.Debug|x86.Build.0 = Debug|Any CPU
		{96B03979-B9F6-4DC4-B8BD-E0B46F4078F7}.Release|Any CPU.ActiveCfg = Release|Any CPU
		{96B03979-B9F6-4DC4-B8BD-E0B46F4078F7}.Release|Any CPU.Build.0 = Release|Any CPU
		{96B03979-B9F6-4DC4-B8BD-E0B46F4078F7}.Release|x64.ActiveCfg = Release|Any CPU
		{96B03979-B9F6-4DC4-B8BD-E0B46F4078F7}.Release|x64.Build.0 = Release|Any CPU
		{96B03979-B9F6-4DC4-B8BD-E0B46F4078F7}.Release|x86.ActiveCfg = Release|Any CPU
		{96B03979-B9F6-4DC4-B8BD-E0B46F4078F7}.Release|x86.Build.0 = Release|Any CPU
	EndGlobalSection
	GlobalSection(NestedProjects) = preSolution
		{ABAF92AE-5129-4D79-885E-9129DFDEA35F} = {395400CD-365F-4D4E-A350-E4596199A5B2}
		{96B03979-B9F6-4DC4-B8BD-E0B46F4078F7} = {622A7307-081E-4647-9C35-255F7249E4C1}
	EndGlobalSection
EndGlobal
